PODS:
  - iOS-Slide-Menu (1.5)
  - JGProgressHUD (1.3.3)
  - Masonry (1.0.1)
  - MBProgressHUD (0.9.2)
  - MJExtension (3.0.11)
  - MJRefresh (3.1.9)
  - RegexKitLite (4.0)

DEPENDENCIES:
  - iOS-Slide-Menu (= 1.5)
  - JGProgressHUD (= 1.3.3)
  - Masonry (= 1.0.1)
  - MBProgressHUD
  - MJExtension
  - MJRefresh (= 3.1.9)
  - RegexKitLite (= 4.0)

SPEC CHECKSUMS:
  iOS-Slide-Menu: 40b0cbd8916c42afc755f0869793cd09e7a32102
  JGProgressHUD: c89d1a8369a6253967a2c4194be06661033f83ed
  Masonry: a1a931a0d08870ed8ae415a2ea5ea68ebcac77df
  MBProgressHUD: 1569cf7ace17a8bac47aabfbb8580a49690386d1
  MJExtension: f9ae6ddc0f1c482c3c9af750280ccebd14381958
  MJRefresh: c5f1f1653e5a1b932c90f78074f2bc86f3f9bd5e
  RegexKitLite: c0e4c12e6e7de0769f3a3ed679f0f61604170661

PODFILE CHECKSUM: 8761157a2549f97778daf68f215c0f45d3f47056

COCOAPODS: 1.0.0.beta.4
